
Microsoft Visual Studio Solution File, Format Version 12.00
# Visual Studio Version 16
VisualStudioVersion = 16.0.33328.57
MinimumVisualStudioVersion = 10.0.40219.1
Project("{FAE04EC0-301F-11D3-BF4B-00C04F79EFBC}") = "Bug Tracker", "Bug Tracker\Bug Tracker.csproj", "{96196E02-15F0-4AAE-A612-6DA581E92818}"
EndProject
Global
	GlobalSection(SolutionConfigurationPlatforms) = preSolution
		Debug|Any CPU = Debug|Any CPU
		Release|Any CPU = Release|Any CPU
	EndGlobalSection
	GlobalSection(ProjectConfigurationPlatforms) = postSolution
		{96196E02-15F0-4AAE-A612-6DA581E92818}.Debug|Any CPU.ActiveCfg = Debug|Any CPU
		{96196E02-15F0-4AAE-A612-6DA581E92818}.Debug|Any CPU.Build.0 = Debug|Any CPU
		{96196E02-15F0-4AAE-A612-6DA581E92818}.Release|Any CPU.ActiveCfg = Release|Any CPU
		{96196E02-15F0-4AAE-A612-6DA581E92818}.Release|Any CPU.Build.0 = Release|Any CPU
	EndGlobalSection
	GlobalSection(SolutionProperties) = preSolution
		HideSolutionNode = FALSE
	EndGlobalSection
	GlobalSection(ExtensibilityGlobals) = postSolution
		SolutionGuid = {3E79C971-635C-4601-8FF7-EC95B67A2474}
	EndGlobalSection
EndGlobal
